
Microsoft Visual Studio Solution File, Format Version 12.00
# Visual Studio Version 16
VisualStudioVersion = 16.0.30717.126
MinimumVisualStudioVersion = 15.0.26124.0
Project("{9A19103F-16F7-4668-BE54-9A1E7A4F7556}") = "Selector", "Selector\Selector.csproj", "{05B22ACE-2EA1-46AA-8483-A625B08A0D01}"
EndProject
Project("{9A19103F-16F7-4668-BE54-9A1E7A4F7556}") = "Selector.Tests", "Selector.Tests\Selector.Tests.csproj", "{2C33766F-FFEB-4A91-9509-7B543EDB6F93}"
	ProjectSection(ProjectDependencies) = postProject
		{05B22ACE-2EA1-46AA-8483-A625B08A0D01} = {05B22ACE-2EA1-46AA-8483-A625B08A0D01}
	EndProjectSection
EndProject
Project("{9A19103F-16F7-4668-BE54-9A1E7A4F7556}") = "Selector.CLI", "Selector.CLI\Selector.CLI.csproj", "{AB0C1359-2A4D-4013-BC5A-79C55203C15E}"
	ProjectSection(ProjectDependencies) = postProject
		{B609975D-7CA6-422E-8461-E837C9EDB104} = {B609975D-7CA6-422E-8461-E837C9EDB104}
		{05B22ACE-2EA1-46AA-8483-A625B08A0D01} = {05B22ACE-2EA1-46AA-8483-A625B08A0D01}
	EndProjectSection
EndProject
Project("{9A19103F-16F7-4668-BE54-9A1E7A4F7556}") = "Selector.Model", "Selector.Model\Selector.Model.csproj", "{B609975D-7CA6-422E-8461-E837C9EDB104}"
EndProject
Project("{FAE04EC0-301F-11D3-BF4B-00C04F79EFBC}") = "Selector.Web", "Selector.Web\Selector.Web.csproj", "{ABC6EEBB-4C0D-45BD-8DDC-0B0304EAF34F}"
EndProject
Global
	GlobalSection(SolutionConfigurationPlatforms) = preSolution
		Debug|Any CPU = Debug|Any CPU
		Release|Any CPU = Release|Any CPU
	EndGlobalSection
	GlobalSection(ProjectConfigurationPlatforms) = postSolution
		{05B22ACE-2EA1-46AA-8483-A625B08A0D01}.Debug|Any CPU.ActiveCfg = Debug|Any CPU
		{05B22ACE-2EA1-46AA-8483-A625B08A0D01}.Debug|Any CPU.Build.0 = Debug|Any CPU
		{05B22ACE-2EA1-46AA-8483-A625B08A0D01}.Release|Any CPU.ActiveCfg = Release|Any CPU
		{05B22ACE-2EA1-46AA-8483-A625B08A0D01}.Release|Any CPU.Build.0 = Release|Any CPU
		{2C33766F-FFEB-4A91-9509-7B543EDB6F93}.Debug|Any CPU.ActiveCfg = Debug|Any CPU
		{2C33766F-FFEB-4A91-9509-7B543EDB6F93}.Debug|Any CPU.Build.0 = Debug|Any CPU
		{2C33766F-FFEB-4A91-9509-7B543EDB6F93}.Release|Any CPU.ActiveCfg = Release|Any CPU
		{2C33766F-FFEB-4A91-9509-7B543EDB6F93}.Release|Any CPU.Build.0 = Release|Any CPU
		{AB0C1359-2A4D-4013-BC5A-79C55203C15E}.Debug|Any CPU.ActiveCfg = Debug|Any CPU
		{AB0C1359-2A4D-4013-BC5A-79C55203C15E}.Debug|Any CPU.Build.0 = Debug|Any CPU
		{AB0C1359-2A4D-4013-BC5A-79C55203C15E}.Release|Any CPU.ActiveCfg = Release|Any CPU
		{AB0C1359-2A4D-4013-BC5A-79C55203C15E}.Release|Any CPU.Build.0 = Release|Any CPU
		{B609975D-7CA6-422E-8461-E837C9EDB104}.Debug|Any CPU.ActiveCfg = Debug|Any CPU
		{B609975D-7CA6-422E-8461-E837C9EDB104}.Debug|Any CPU.Build.0 = Debug|Any CPU
		{B609975D-7CA6-422E-8461-E837C9EDB104}.Release|Any CPU.ActiveCfg = Release|Any CPU
		{B609975D-7CA6-422E-8461-E837C9EDB104}.Release|Any CPU.Build.0 = Release|Any CPU
		{ABC6EEBB-4C0D-45BD-8DDC-0B0304EAF34F}.Debug|Any CPU.ActiveCfg = Debug|Any CPU
		{ABC6EEBB-4C0D-45BD-8DDC-0B0304EAF34F}.Debug|Any CPU.Build.0 = Debug|Any CPU
		{ABC6EEBB-4C0D-45BD-8DDC-0B0304EAF34F}.Release|Any CPU.ActiveCfg = Release|Any CPU
		{ABC6EEBB-4C0D-45BD-8DDC-0B0304EAF34F}.Release|Any CPU.Build.0 = Release|Any CPU
	EndGlobalSection
	GlobalSection(SolutionProperties) = preSolution
		HideSolutionNode = FALSE
	EndGlobalSection
	GlobalSection(ExtensibilityGlobals) = postSolution
		SolutionGuid = {24A812EA-34C1-43DE-AAD2-C02025730573}
	EndGlobalSection
EndGlobal
